// !$*UTF8*$!
{
	archiveVersion = 1;
	classes = {
	};
	objectVersion = 56;
	objects = {

/* Begin PBXBuildFile section */
		01B1874A2AE75386002C4B57 /* WeatherModel.swift in Sources */ = {isa = PBXBuildFile; fileRef = 01B187492AE75386002C4B57 /* WeatherModel.swift */; };
		01B1874B2AE75386002C4B57 /* WeatherModel.swift in Sources */ = {isa = PBXBuildFile; fileRef = 01B187492AE75386002C4B57 /* WeatherModel.swift */; };
		01B1874C2AE75386002C4B57 /* WeatherModel.swift in Sources */ = {isa = PBXBuildFile; fileRef = 01B187492AE75386002C4B57 /* WeatherModel.swift */; };
		01B187522AE754E8002C4B57 /* WeatherNetworkManager.swift in Sources */ = {isa = PBXBuildFile; fileRef = 01B187512AE754E8002C4B57 /* WeatherNetworkManager.swift */; };
		01B187532AE754E8002C4B57 /* WeatherNetworkManager.swift in Sources */ = {isa = PBXBuildFile; fileRef = 01B187512AE754E8002C4B57 /* WeatherNetworkManager.swift */; };
		01B187542AE754E8002C4B57 /* WeatherNetworkManager.swift in Sources */ = {isa = PBXBuildFile; fileRef = 01B187512AE754E8002C4B57 /* WeatherNetworkManager.swift */; };
		01B187562AE75619002C4B57 /* WeatherView.swift in Sources */ = {isa = PBXBuildFile; fileRef = 01B187552AE75619002C4B57 /* WeatherView.swift */; };
		01B187572AE75619002C4B57 /* WeatherView.swift in Sources */ = {isa = PBXBuildFile; fileRef = 01B187552AE75619002C4B57 /* WeatherView.swift */; };
		01B187582AE75619002C4B57 /* WeatherView.swift in Sources */ = {isa = PBXBuildFile; fileRef = 01B187552AE75619002C4B57 /* WeatherView.swift */; };
		01B1875B2AE76243002C4B57 /* WeatherDataManager.swift in Sources */ = {isa = PBXBuildFile; fileRef = 01B1875A2AE76243002C4B57 /* WeatherDataManager.swift */; };
		01B1875C2AE76243002C4B57 /* WeatherDataManager.swift in Sources */ = {isa = PBXBuildFile; fileRef = 01B1875A2AE76243002C4B57 /* WeatherDataManager.swift */; };
		01B1875D2AE76243002C4B57 /* WeatherDataManager.swift in Sources */ = {isa = PBXBuildFile; fileRef = 01B1875A2AE76243002C4B57 /* WeatherDataManager.swift */; };
		01B187672AE77F47002C4B57 /* SearchViewModel.swift in Sources */ = {isa = PBXBuildFile; fileRef = 01B187662AE77F47002C4B57 /* SearchViewModel.swift */; };
		01B187682AE77F47002C4B57 /* SearchViewModel.swift in Sources */ = {isa = PBXBuildFile; fileRef = 01B187662AE77F47002C4B57 /* SearchViewModel.swift */; };
		01B187692AE77F47002C4B57 /* SearchViewModel.swift in Sources */ = {isa = PBXBuildFile; fileRef = 01B187662AE77F47002C4B57 /* SearchViewModel.swift */; };
		01B1876B2AE7835B002C4B57 /* SearchResultsView.swift in Sources */ = {isa = PBXBuildFile; fileRef = 01B1876A2AE7835B002C4B57 /* SearchResultsView.swift */; };
		01B1876C2AE7835B002C4B57 /* SearchResultsView.swift in Sources */ = {isa = PBXBuildFile; fileRef = 01B1876A2AE7835B002C4B57 /* SearchResultsView.swift */; };
		01B1876D2AE7835B002C4B57 /* SearchResultsView.swift in Sources */ = {isa = PBXBuildFile; fileRef = 01B1876A2AE7835B002C4B57 /* SearchResultsView.swift */; };
		01B1876F2AE801C6002C4B57 /* LocationManager.swift in Sources */ = {isa = PBXBuildFile; fileRef = 01B1876E2AE801C6002C4B57 /* LocationManager.swift */; };
		01B187702AE801C6002C4B57 /* LocationManager.swift in Sources */ = {isa = PBXBuildFile; fileRef = 01B1876E2AE801C6002C4B57 /* LocationManager.swift */; };
		01B187712AE801C6002C4B57 /* LocationManager.swift in Sources */ = {isa = PBXBuildFile; fileRef = 01B1876E2AE801C6002C4B57 /* LocationManager.swift */; };
		01B187732AE8039D002C4B57 /* LocationViewModel.swift in Sources */ = {isa = PBXBuildFile; fileRef = 01B187722AE8039D002C4B57 /* LocationViewModel.swift */; };
		01B187742AE8039D002C4B57 /* LocationViewModel.swift in Sources */ = {isa = PBXBuildFile; fileRef = 01B187722AE8039D002C4B57 /* LocationViewModel.swift */; };
		01B187752AE8039D002C4B57 /* LocationViewModel.swift in Sources */ = {isa = PBXBuildFile; fileRef = 01B187722AE8039D002C4B57 /* LocationViewModel.swift */; };
		01C36B5E2AE74FAB001E035B /* WeatherApp.swift in Sources */ = {isa = PBXBuildFile; fileRef = 01C36B5D2AE74FAB001E035B /* WeatherApp.swift */; };
		01C36B602AE74FAB001E035B /* ContentView.swift in Sources */ = {isa = PBXBuildFile; fileRef = 01C36B5F2AE74FAB001E035B /* ContentView.swift */; };
		01C36B622AE74FAD001E035B /* Assets.xcassets in Resources */ = {isa = PBXBuildFile; fileRef = 01C36B612AE74FAD001E035B /* Assets.xcassets */; };
		01C36B652AE74FAD001E035B /* Preview Assets.xcassets in Resources */ = {isa = PBXBuildFile; fileRef = 01C36B642AE74FAD001E035B /* Preview Assets.xcassets */; };
		01C36B6F2AE74FAD001E035B /* WeatherTests.swift in Sources */ = {isa = PBXBuildFile; fileRef = 01C36B6E2AE74FAD001E035B /* WeatherTests.swift */; };
		01C36B792AE74FAD001E035B /* WeatherUITests.swift in Sources */ = {isa = PBXBuildFile; fileRef = 01C36B782AE74FAD001E035B /* WeatherUITests.swift */; };
		01C36B7B2AE74FAD001E035B /* WeatherUITestsLaunchTests.swift in Sources */ = {isa = PBXBuildFile; fileRef = 01C36B7A2AE74FAD001E035B /* WeatherUITestsLaunchTests.swift */; };
/* End PBXBuildFile section */

/* Begin PBXContainerItemProxy section */
		01C36B6B2AE74FAD001E035B /* PBXContainerItemProxy */ = {
			isa = PBXContainerItemProxy;
			containerPortal = 01C36B522AE74FAA001E035B /* Project object */;
			proxyType = 1;
			remoteGlobalIDString = 01C36B592AE74FAB001E035B;
			remoteInfo = Weather;
		};
		01C36B752AE74FAD001E035B /* PBXContainerItemProxy */ = {
			isa = PBXContainerItemProxy;
			containerPortal = 01C36B522AE74FAA001E035B /* Project object */;
			proxyType = 1;
			remoteGlobalIDString = 01C36B592AE74FAB001E035B;
			remoteInfo = Weather;
		};
/* End PBXContainerItemProxy section */

/* Begin PBXFileReference section */
		01B187492AE75386002C4B57 /* WeatherModel.swift */ = {isa = PBXFileReference; lastKnownFileType = sourcecode.swift; path = WeatherModel.swift; sourceTree = "<group>"; };
		01B187512AE754E8002C4B57 /* WeatherNetworkManager.swift */ = {isa = PBXFileReference; lastKnownFileType = sourcecode.swift; path = WeatherNetworkManager.swift; sourceTree = "<group>"; };
		01B187552AE75619002C4B57 /* WeatherView.swift */ = {isa = PBXFileReference; lastKnownFileType = sourcecode.swift; path = WeatherView.swift; sourceTree = "<group>"; };
		01B1875A2AE76243002C4B57 /* WeatherDataManager.swift */ = {isa = PBXFileReference; lastKnownFileType = sourcecode.swift; path = WeatherDataManager.swift; sourceTree = "<group>"; };
		01B187662AE77F47002C4B57 /* SearchViewModel.swift */ = {isa = PBXFileReference; lastKnownFileType = sourcecode.swift; path = SearchViewModel.swift; sourceTree = "<group>"; };
		01B1876A2AE7835B002C4B57 /* SearchResultsView.swift */ = {isa = PBXFileReference; lastKnownFileType = sourcecode.swift; path = SearchResultsView.swift; sourceTree = "<group>"; };
		01B1876E2AE801C6002C4B57 /* LocationManager.swift */ = {isa = PBXFileReference; lastKnownFileType = sourcecode.swift; path = LocationManager.swift; sourceTree = "<group>"; };
		01B187722AE8039D002C4B57 /* LocationViewModel.swift */ = {isa = PBXFileReference; lastKnownFileType = sourcecode.swift; path = LocationViewModel.swift; sourceTree = "<group>"; };
		01C36B5A2AE74FAB001E035B /* Weather.app */ = {isa = PBXFileReference; explicitFileType = wrapper.application; includeInIndex = 0; path = Weather.app; sourceTree = BUILT_PRODUCTS_DIR; };
		01C36B5D2AE74FAB001E035B /* WeatherApp.swift */ = {isa = PBXFileReference; lastKnownFileType = sourcecode.swift; path = WeatherApp.swift; sourceTree = "<group>"; };
		01C36B5F2AE74FAB001E035B /* ContentView.swift */ = {isa = PBXFileReference; lastKnownFileType = sourcecode.swift; path = ContentView.swift; sourceTree = "<group>"; };
		01C36B612AE74FAD001E035B /* Assets.xcassets */ = {isa = PBXFileReference; lastKnownFileType = folder.assetcatalog; path = Assets.xcassets; sourceTree = "<group>"; };
		01C36B642AE74FAD001E035B /* Preview Assets.xcassets */ = {isa = PBXFileReference; lastKnownFileType = folder.assetcatalog; path = "Preview Assets.xcassets"; sourceTree = "<group>"; };
		01C36B6A2AE74FAD001E035B /* WeatherTests.xctest */ = {isa = PBXFileReference; explicitFileType = wrapper.cfbundle; includeInIndex = 0; path = WeatherTests.xctest; sourceTree = BUILT_PRODUCTS_DIR; };
		01C36B6E2AE74FAD001E035B /* WeatherTests.swift */ = {isa = PBXFileReference; lastKnownFileType = sourcecode.swift; path = WeatherTests.swift; sourceTree = "<group>"; };
		01C36B742AE74FAD001E035B /* WeatherUITests.xctest */ = {isa = PBXFileReference; explicitFileType = wrapper.cfbundle; includeInIndex = 0; path = WeatherUITests.xctest; sourceTree = BUILT_PRODUCTS_DIR; };
		01C36B782AE74FAD001E035B /* WeatherUITests.swift */ = {isa = PBXFileReference; lastKnownFileType = sourcecode.swift; path = WeatherUITests.swift; sourceTree = "<group>"; };
		01C36B7A2AE74FAD001E035B /* WeatherUITestsLaunchTests.swift */ = {isa = PBXFileReference; lastKnownFileType = sourcecode.swift; path = WeatherUITestsLaunchTests.swift; sourceTree = "<group>"; };
/* End PBXFileReference section */

/* Begin PBXFrameworksBuildPhase section */
		01C36B572AE74FAB001E035B /* Frameworks */ = {
			isa = PBXFrameworksBuildPhase;
			buildActionMask = 2147483647;
			files = (
			);
			runOnlyForDeploymentPostprocessing = 0;
		};
		01C36B672AE74FAD001E035B /* Frameworks */ = {
			isa = PBXFrameworksBuildPhase;
			buildActionMask = 2147483647;
			files = (
			);
			runOnlyForDeploymentPostprocessing = 0;
		};
		01C36B712AE74FAD001E035B /* Frameworks */ = {
			isa = PBXFrameworksBuildPhase;
			buildActionMask = 2147483647;
			files = (
			);
			runOnlyForDeploymentPostprocessing = 0;
		};
/* End PBXFrameworksBuildPhase section */

/* Begin PBXGroup section */
		01B187482AE75374002C4B57 /* Models */ = {
			isa = PBXGroup;
			children = (
				01B187592AE76211002C4B57 /* Manager */,
				01B187492AE75386002C4B57 /* WeatherModel.swift */,
			);
			path = Models;
			sourceTree = "<group>";
		};
		01B1874D2AE75397002C4B57 /* Views */ = {
			isa = PBXGroup;
			children = (
				01B187552AE75619002C4B57 /* WeatherView.swift */,
				01B1876A2AE7835B002C4B57 /* SearchResultsView.swift */,
			);
			path = Views;
			sourceTree = "<group>";
		};
		01B1874E2AE753B2002C4B57 /* Networks */ = {
			isa = PBXGroup;
			children = (
				01B187512AE754E8002C4B57 /* WeatherNetworkManager.swift */,
			);
			path = Networks;
			sourceTree = "<group>";
		};
		01B1874F2AE753BF002C4B57 /* ViewModels */ = {
			isa = PBXGroup;
			children = (
				01B187662AE77F47002C4B57 /* SearchViewModel.swift */,
				01B187722AE8039D002C4B57 /* LocationViewModel.swift */,
			);
			path = ViewModels;
			sourceTree = "<group>";
		};
		01B187502AE753CB002C4B57 /* Controllers */ = {
			isa = PBXGroup;
			children = (
			);
			path = Controllers;
			sourceTree = "<group>";
		};
		01B187592AE76211002C4B57 /* Manager */ = {
			isa = PBXGroup;
			children = (
				01B1875A2AE76243002C4B57 /* WeatherDataManager.swift */,
				01B1876E2AE801C6002C4B57 /* LocationManager.swift */,
			);
			path = Manager;
			sourceTree = "<group>";
		};
		01C36B512AE74FAA001E035B = {
			isa = PBXGroup;
			children = (
				01C36B5C2AE74FAB001E035B /* Weather */,
				01C36B6D2AE74FAD001E035B /* WeatherTests */,
				01C36B772AE74FAD001E035B /* WeatherUITests */,
				01C36B5B2AE74FAB001E035B /* Products */,
			);
			sourceTree = "<group>";
		};
		01C36B5B2AE74FAB001E035B /* Products */ = {
			isa = PBXGroup;
			children = (
				01C36B5A2AE74FAB001E035B /* Weather.app */,
				01C36B6A2AE74FAD001E035B /* WeatherTests.xctest */,
				01C36B742AE74FAD001E035B /* WeatherUITests.xctest */,
			);
			name = Products;
			sourceTree = "<group>";
		};
		01C36B5C2AE74FAB001E035B /* Weather */ = {
			isa = PBXGroup;
			children = (
				01B187502AE753CB002C4B57 /* Controllers */,
				01B1874F2AE753BF002C4B57 /* ViewModels */,
				01B1874E2AE753B2002C4B57 /* Networks */,
				01B1874D2AE75397002C4B57 /* Views */,
				01B187482AE75374002C4B57 /* Models */,
				01C36B5D2AE74FAB001E035B /* WeatherApp.swift */,
				01C36B5F2AE74FAB001E035B /* ContentView.swift */,
				01C36B612AE74FAD001E035B /* Assets.xcassets */,
				01C36B632AE74FAD001E035B /* Preview Content */,
			);
			path = Weather;
			sourceTree = "<group>";
		};
		01C36B632AE74FAD001E035B /* Preview Content */ = {
			isa = PBXGroup;
			children = (
				01C36B642AE74FAD001E035B /* Preview Assets.xcassets */,
			);
			path = "Preview Content";
			sourceTree = "<group>";
		};
		01C36B6D2AE74FAD001E035B /* WeatherTests */ = {
			isa = PBXGroup;
			children = (
				01C36B6E2AE74FAD001E035B /* WeatherTests.swift */,
			);
			path = WeatherTests;
			sourceTree = "<group>";
		};
		01C36B772AE74FAD001E035B /* WeatherUITests */ = {
			isa = PBXGroup;
			children = (
				01C36B782AE74FAD001E035B /* WeatherUITests.swift */,
				01C36B7A2AE74FAD001E035B /* WeatherUITestsLaunchTests.swift */,
			);
			path = WeatherUITests;
			sourceTree = "<group>";
		};
/* End PBXGroup section */

/* Begin PBXNativeTarget section */
		01C36B592AE74FAB001E035B /* Weather */ = {
			isa = PBXNativeTarget;
			buildConfigurationList = 01C36B7E2AE74FAD001E035B /* Build configuration list for PBXNativeTarget "Weather" */;
			buildPhases = (
				01C36B562AE74FAB001E035B /* Sources */,
				01C36B572AE74FAB001E035B /* Frameworks */,
				01C36B582AE74FAB001E035B /* Resources */,
			);
			buildRules = (
			);
			dependencies = (
			);
			name = Weather;
			productName = Weather;
			productReference = 01C36B5A2AE74FAB001E035B /* Weather.app */;
			productType = "com.apple.product-type.application";
		};
		01C36B692AE74FAD001E035B /* WeatherTests */ = {
			isa = PBXNativeTarget;
			buildConfigurationList = 01C36B812AE74FAD001E035B /* Build configuration list for PBXNativeTarget "WeatherTests" */;
			buildPhases = (
				01C36B662AE74FAD001E035B /* Sources */,
				01C36B672AE74FAD001E035B /* Frameworks */,
				01C36B682AE74FAD001E035B /* Resources */,
			);
			buildRules = (
			);
			dependencies = (
				01C36B6C2AE74FAD001E035B /* PBXTargetDependency */,
			);
			name = WeatherTests;
			productName = WeatherTests;
			productReference = 01C36B6A2AE74FAD001E035B /* WeatherTests.xctest */;
			productType = "com.apple.product-type.bundle.unit-test";
		};
		01C36B732AE74FAD001E035B /* WeatherUITests */ = {
			isa = PBXNativeTarget;
			buildConfigurationList = 01C36B842AE74FAD001E035B /* Build configuration list for PBXNativeTarget "WeatherUITests" */;
			buildPhases = (
				01C36B702AE74FAD001E035B /* Sources */,
				01C36B712AE74FAD001E035B /* Frameworks */,
				01C36B722AE74FAD001E035B /* Resources */,
			);
			buildRules = (
			);
			dependencies = (
				01C36B762AE74FAD001E035B /* PBXTargetDependency */,
			);
			name = WeatherUITests;
			productName = WeatherUITests;
			productReference = 01C36B742AE74FAD001E035B /* WeatherUITests.xctest */;
			productType = "com.apple.product-type.bundle.ui-testing";
		};
/* End PBXNativeTarget section */

/* Begin PBXProject section */
		01C36B522AE74FAA001E035B /* Project object */ = {
			isa = PBXProject;
			attributes = {
				BuildIndependentTargetsInParallel = 1;
				LastSwiftUpdateCheck = 1500;
				LastUpgradeCheck = 1500;
				TargetAttributes = {
					01C36B592AE74FAB001E035B = {
						CreatedOnToolsVersion = 15.0.1;
					};
					01C36B692AE74FAD001E035B = {
						CreatedOnToolsVersion = 15.0.1;
						TestTargetID = 01C36B592AE74FAB001E035B;
					};
					01C36B732AE74FAD001E035B = {
						CreatedOnToolsVersion = 15.0.1;
						TestTargetID = 01C36B592AE74FAB001E035B;
					};
				};
			};
			buildConfigurationList = 01C36B552AE74FAA001E035B /* Build configuration list for PBXProject "Weather" */;
			compatibilityVersion = "Xcode 14.0";
			developmentRegion = en;
			hasScannedForEncodings = 0;
			knownRegions = (
				en,
				Base,
			);
			mainGroup = 01C36B512AE74FAA001E035B;
			productRefGroup = 01C36B5B2AE74FAB001E035B /* Products */;
			projectDirPath = "";
			projectRoot = "";
			targets = (
				01C36B592AE74FAB001E035B /* Weather */,
				01C36B692AE74FAD001E035B /* WeatherTests */,
				01C36B732AE74FAD001E035B /* WeatherUITests */,
			);
		};
/* End PBXProject section */

/* Begin PBXResourcesBuildPhase section */
		01C36B582AE74FAB001E035B /* Resources */ = {
			isa = PBXResourcesBuildPhase;
			buildActionMask = 2147483647;
			files = (
				01C36B652AE74FAD001E035B /* Preview Assets.xcassets in Resources */,
				01C36B622AE74FAD001E035B /* Assets.xcassets in Resources */,
			);
			runOnlyForDeploymentPostprocessing = 0;
		};
		01C36B682AE74FAD001E035B /* Resources */ = {
			isa = PBXResourcesBuildPhase;
			buildActionMask = 2147483647;
			files = (
			);
			runOnlyForDeploymentPostprocessing = 0;
		};
		01C36B722AE74FAD001E035B /* Resources */ = {
			isa = PBXResourcesBuildPhase;
			buildActionMask = 2147483647;
			files = (
			);
			runOnlyForDeploymentPostprocessing = 0;
		};
/* End PBXResourcesBuildPhase section */

/* Begin PBXSourcesBuildPhase section */
		01C36B562AE74FAB001E035B /* Sources */ = {
			isa = PBXSourcesBuildPhase;
			buildActionMask = 2147483647;
			files = (
				01B1875B2AE76243002C4B57 /* WeatherDataManager.swift in Sources */,
				01B187672AE77F47002C4B57 /* SearchViewModel.swift in Sources */,
				01B187562AE75619002C4B57 /* WeatherView.swift in Sources */,
				01B187732AE8039D002C4B57 /* LocationViewModel.swift in Sources */,
				01C36B602AE74FAB001E035B /* ContentView.swift in Sources */,
				01B1874A2AE75386002C4B57 /* WeatherModel.swift in Sources */,
				01B1876B2AE7835B002C4B57 /* SearchResultsView.swift in Sources */,
				01C36B5E2AE74FAB001E035B /* WeatherApp.swift in Sources */,
				01B187522AE754E8002C4B57 /* WeatherNetworkManager.swift in Sources */,
				01B1876F2AE801C6002C4B57 /* LocationManager.swift in Sources */,
			);
			runOnlyForDeploymentPostprocessing = 0;
		};
		01C36B662AE74FAD001E035B /* Sources */ = {
			isa = PBXSourcesBuildPhase;
			buildActionMask = 2147483647;
			files = (
				01B187682AE77F47002C4B57 /* SearchViewModel.swift in Sources */,
				01B187532AE754E8002C4B57 /* WeatherNetworkManager.swift in Sources */,
				01B1876C2AE7835B002C4B57 /* SearchResultsView.swift in Sources */,
				01B1874B2AE75386002C4B57 /* WeatherModel.swift in Sources */,
				01B187702AE801C6002C4B57 /* LocationManager.swift in Sources */,
				01C36B6F2AE74FAD001E035B /* WeatherTests.swift in Sources */,
				01B187572AE75619002C4B57 /* WeatherView.swift in Sources */,
				01B187742AE8039D002C4B57 /* LocationViewModel.swift in Sources */,
				01B1875C2AE76243002C4B57 /* WeatherDataManager.swift in Sources */,
			);
			runOnlyForDeploymentPostprocessing = 0;
		};
		01C36B702AE74FAD001E035B /* Sources */ = {
			isa = PBXSourcesBuildPhase;
			buildActionMask = 2147483647;
			files = (
				01B1875D2AE76243002C4B57 /* WeatherDataManager.swift in Sources */,
				01B187692AE77F47002C4B57 /* SearchViewModel.swift in Sources */,
				01B187582AE75619002C4B57 /* WeatherView.swift in Sources */,
				01B187752AE8039D002C4B57 /* LocationViewModel.swift in Sources */,
				01C36B792AE74FAD001E035B /* WeatherUITests.swift in Sources */,
				01B1874C2AE75386002C4B57 /* WeatherModel.swift in Sources */,
				01B1876D2AE7835B002C4B57 /* SearchResultsView.swift in Sources */,
				01C36B7B2AE74FAD001E035B /* WeatherUITestsLaunchTests.swift in Sources */,
				01B187542AE754E8002C4B57 /* WeatherNetworkManager.swift in Sources */,
				01B187712AE801C6002C4B57 /* LocationManager.swift in Sources */,
			);
			runOnlyForDeploymentPostprocessing = 0;
		};
/* End PBXSourcesBuildPhase section */

/* Begin PBXTargetDependency section */
		01C36B6C2AE74FAD001E035B /* PBXTargetDependency */ = {
			isa = PBXTargetDependency;
			target = 01C36B592AE74FAB001E035B /* Weather */;
			targetProxy = 01C36B6B2AE74FAD001E035B /* PBXContainerItemProxy */;
		};
		01C36B762AE74FAD001E035B /* PBXTargetDependency */ = {
			isa = PBXTargetDependency;
			target = 01C36B592AE74FAB001E035B /* Weather */;
			targetProxy = 01C36B752AE74FAD001E035B /* PBXContainerItemProxy */;
		};
/* End PBXTargetDependency section */

/* Begin XCBuildConfiguration section */
		01C36B7C2AE74FAD001E035B /* Debug */ = {
			isa = XCBuildConfiguration;
			buildSettings = {
				ALWAYS_SEARCH_USER_PATHS = NO;
				ASSETCATALOG_COMPILER_GENERATE_SWIFT_ASSET_SYMBOL_EXTENSIONS = YES;
				CLANG_ANALYZER_NONNULL = YES;
				CLANG_ANALYZER_NUMBER_OBJECT_CONVERSION = YES_AGGRESSIVE;
				CLANG_CXX_LANGUAGE_STANDARD = "gnu++20";
				CLANG_ENABLE_MODULES = YES;
				CLANG_ENABLE_OBJC_ARC = YES;
				CLANG_ENABLE_OBJC_WEAK = YES;
				CLANG_WARN_BLOCK_CAPTURE_AUTORELEASING = YES;
				CLANG_WARN_BOOL_CONVERSION = YES;
				CLANG_WARN_COMMA = YES;
				CLANG_WARN_CONSTANT_CONVERSION = YES;
				CLANG_WARN_DEPRECATED_OBJC_IMPLEMENTATIONS = YES;
				CLANG_WARN_DIRECT_OBJC_ISA_USAGE = YES_ERROR;
				CLANG_WARN_DOCUMENTATION_COMMENTS = YES;
				CLANG_WARN_EMPTY_BODY = YES;
				CLANG_WARN_ENUM_CONVERSION = YES;
				CLANG_WARN_INFINITE_RECURSION = YES;
				CLANG_WARN_INT_CONVERSION = YES;
				CLANG_WARN_NON_LITERAL_NULL_CONVERSION = YES;
				CLANG_WARN_OBJC_IMPLICIT_RETAIN_SELF = YES;
				CLANG_WARN_OBJC_LITERAL_CONVERSION = YES;
				CLANG_WARN_OBJC_ROOT_CLASS = YES_ERROR;
				CLANG_WARN_QUOTED_INCLUDE_IN_FRAMEWORK_HEADER = YES;
				CLANG_WARN_RANGE_LOOP_ANALYSIS = YES;
				CLANG_WARN_STRICT_PROTOTYPES = YES;
				CLANG_WARN_SUSPICIOUS_MOVE = YES;
				CLANG_WARN_UNGUARDED_AVAILABILITY = YES_AGGRESSIVE;
				CLANG_WARN_UNREACHABLE_CODE = YES;
				CLANG_WARN__DUPLICATE_METHOD_MATCH = YES;
				COPY_PHASE_STRIP = NO;
				DEBUG_INFORMATION_FORMAT = dwarf;
				ENABLE_STRICT_OBJC_MSGSEND = YES;
				ENABLE_TESTABILITY = YES;
				ENABLE_USER_SCRIPT_SANDBOXING = YES;
				GCC_C_LANGUAGE_STANDARD = gnu17;
				GCC_DYNAMIC_NO_PIC = NO;
				GCC_NO_COMMON_BLOCKS = YES;
				GCC_OPTIMIZATION_LEVEL = 0;
				GCC_PREPROCESSOR_DEFINITIONS = (
					"DEBUG=1",
					"$(inherited)",
				);
				GCC_WARN_64_TO_32_BIT_CONVERSION = YES;
				GCC_WARN_ABOUT_RETURN_TYPE = YES_ERROR;
				GCC_WARN_UNDECLARED_SELECTOR = YES;
				GCC_WARN_UNINITIALIZED_AUTOS = YES_AGGRESSIVE;
				GCC_WARN_UNUSED_FUNCTION = YES;
				GCC_WARN_UNUSED_VARIABLE = YES;
				IPHONEOS_DEPLOYMENT_TARGET = 17.0;
				LOCALIZATION_PREFERS_STRING_CATALOGS = YES;
				MTL_ENABLE_DEBUG_INFO = INCLUDE_SOURCE;
				MTL_FAST_MATH = YES;
				ONLY_ACTIVE_ARCH = YES;
				SDKROOT = iphoneos;
				SWIFT_ACTIVE_COMPILATION_CONDITIONS = "DEBUG $(inherited)";
				SWIFT_OPTIMIZATION_LEVEL = "-Onone";
			};
			name = Debug;
		};
		01C36B7D2AE74FAD001E035B /* Release */ = {
			isa = XCBuildConfiguration;
			buildSettings = {
				ALWAYS_SEARCH_USER_PATHS = NO;
				ASSETCATALOG_COMPILER_GENERATE_SWIFT_ASSET_SYMBOL_EXTENSIONS = YES;
				CLANG_ANALYZER_NONNULL = YES;
				CLANG_ANALYZER_NUMBER_OBJECT_CONVERSION = YES_AGGRESSIVE;
				CLANG_CXX_LANGUAGE_STANDARD = "gnu++20";
				CLANG_ENABLE_MODULES = YES;
				CLANG_ENABLE_OBJC_ARC = YES;
				CLANG_ENABLE_OBJC_WEAK = YES;
				CLANG_WARN_BLOCK_CAPTURE_AUTORELEASING = YES;
				CLANG_WARN_BOOL_CONVERSION = YES;
				CLANG_WARN_COMMA = YES;
				CLANG_WARN_CONSTANT_CONVERSION = YES;
				CLANG_WARN_DEPRECATED_OBJC_IMPLEMENTATIONS = YES;
				CLANG_WARN_DIRECT_OBJC_ISA_USAGE = YES_ERROR;
				CLANG_WARN_DOCUMENTATION_COMMENTS = YES;
				CLANG_WARN_EMPTY_BODY = YES;
				CLANG_WARN_ENUM_CONVERSION = YES;
				CLANG_WARN_INFINITE_RECURSION = YES;
				CLANG_WARN_INT_CONVERSION = YES;
				CLANG_WARN_NON_LITERAL_NULL_CONVERSION = YES;
				CLANG_WARN_OBJC_IMPLICIT_RETAIN_SELF = YES;
				CLANG_WARN_OBJC_LITERAL_CONVERSION = YES;
				CLANG_WARN_OBJC_ROOT_CLASS = YES_ERROR;
				CLANG_WARN_QUOTED_INCLUDE_IN_FRAMEWORK_HEADER = YES;
				CLANG_WARN_RANGE_LOOP_ANALYSIS = YES;
				CLANG_WARN_STRICT_PROTOTYPES = YES;
				CLANG_WARN_SUSPICIOUS_MOVE = YES;
				CLANG_WARN_UNGUARDED_AVAILABILITY = YES_AGGRESSIVE;
				CLANG_WARN_UNREACHABLE_CODE = YES;
				CLANG_WARN__DUPLICATE_METHOD_MATCH = YES;
				COPY_PHASE_STRIP = NO;
				DEBUG_INFORMATION_FORMAT = "dwarf-with-dsym";
				ENABLE_NS_ASSERTIONS = NO;
				ENABLE_STRICT_OBJC_MSGSEND = YES;
				ENABLE_USER_SCRIPT_SANDBOXING = YES;
				GCC_C_LANGUAGE_STANDARD = gnu17;
				GCC_NO_COMMON_BLOCKS = YES;
				GCC_WARN_64_TO_32_BIT_CONVERSION = YES;
				GCC_WARN_ABOUT_RETURN_TYPE = YES_ERROR;
				GCC_WARN_UNDECLARED_SELECTOR = YES;
				GCC_WARN_UNINITIALIZED_AUTOS = YES_AGGRESSIVE;
				GCC_WARN_UNUSED_FUNCTION = YES;
				GCC_WARN_UNUSED_VARIABLE = YES;
				IPHONEOS_DEPLOYMENT_TARGET = 17.0;
				LOCALIZATION_PREFERS_STRING_CATALOGS = YES;
				MTL_ENABLE_DEBUG_INFO = NO;
				MTL_FAST_MATH = YES;
				SDKROOT = iphoneos;
				SWIFT_COMPILATION_MODE = wholemodule;
				VALIDATE_PRODUCT = YES;
			};
			name = Release;
		};
		01C36B7F2AE74FAD001E035B /* Debug */ = {
			isa = XCBuildConfiguration;
			buildSettings = {
				ASSETCATALOG_COMPILER_APPICON_NAME = AppIcon;
				ASSETCATALOG_COMPILER_GLOBAL_ACCENT_COLOR_NAME = AccentColor;
				CODE_SIGN_STYLE = Automatic;
				CURRENT_PROJECT_VERSION = 1;
				DEVELOPMENT_ASSET_PATHS = "\"Weather/Preview Content\"";
				ENABLE_PREVIEWS = YES;
				GENERATE_INFOPLIST_FILE = YES;
				INFOPLIST_KEY_UIApplicationSceneManifest_Generation = YES;
				INFOPLIST_KEY_UIApplicationSupportsIndirectInputEvents = YES;
				INFOPLIST_KEY_UILaunchScreen_Generation = YES;
				INFOPLIST_KEY_UISupportedInterfaceOrientations_iPad = "UIInterfaceOrientationPortrait UIInterfaceOrientationPortraitUpsideDown UIInterfaceOrientationLandscapeLeft UIInterfaceOrientationLandscapeRight";
				INFOPLIST_KEY_UISupportedInterfaceOrientations_iPhone = "UIInterfaceOrientationPortrait UIInterfaceOrientationLandscapeLeft UIInterfaceOrientationLandscapeRight";
				LD_RUNPATH_SEARCH_PATHS = (
					"$(inherited)",
					"@executable_path/Frameworks",
				);
				MARKETING_VERSION = 1.0;
				PRODUCT_BUNDLE_IDENTIFIER = Demo.Weather;
				PRODUCT_NAME = "$(TARGET_NAME)";
				SWIFT_EMIT_LOC_STRINGS = YES;
				SWIFT_VERSION = 5.0;
				TARGETED_DEVICE_FAMILY = "1,2";
			};
			name = Debug;
		};
		01C36B802AE74FAD001E035B /* Release */ = {
			isa = XCBuildConfiguration;
			buildSettings = {
				ASSETCATALOG_COMPILER_APPICON_NAME = AppIcon;
				ASSETCATALOG_COMPILER_GLOBAL_ACCENT_COLOR_NAME = AccentColor;
				CODE_SIGN_STYLE = Automatic;
				CURRENT_PROJECT_VERSION = 1;
				DEVELOPMENT_ASSET_PATHS = "\"Weather/Preview Content\"";
				ENABLE_PREVIEWS = YES;
				GENERATE_INFOPLIST_FILE = YES;
				INFOPLIST_KEY_UIApplicationSceneManifest_Generation = YES;
				INFOPLIST_KEY_UIApplicationSupportsIndirectInputEvents = YES;
				INFOPLIST_KEY_UILaunchScreen_Generation = YES;
				INFOPLIST_KEY_UISupportedInterfaceOrientations_iPad = "UIInterfaceOrientationPortrait UIInterfaceOrientationPortraitUpsideDown UIInterfaceOrientationLandscapeLeft UIInterfaceOrientationLandscapeRight";
				INFOPLIST_KEY_UISupportedInterfaceOrientations_iPhone = "UIInterfaceOrientationPortrait UIInterfaceOrientationLandscapeLeft UIInterfaceOrientationLandscapeRight";
				LD_RUNPATH_SEARCH_PATHS = (
					"$(inherited)",
					"@executable_path/Frameworks",
				);
				MARKETING_VERSION = 1.0;
				PRODUCT_BUNDLE_IDENTIFIER = Demo.Weather;
				PRODUCT_NAME = "$(TARGET_NAME)";
				SWIFT_EMIT_LOC_STRINGS = YES;
				SWIFT_VERSION = 5.0;
				TARGETED_DEVICE_FAMILY = "1,2";
			};
			name = Release;
		};
		01C36B822AE74FAD001E035B /* Debug */ = {
			isa = XCBuildConfiguration;
			buildSettings = {
				ALWAYS_EMBED_SWIFT_STANDARD_LIBRARIES = YES;
				BUNDLE_LOADER = "$(TEST_HOST)";
				CODE_SIGN_STYLE = Automatic;
				CURRENT_PROJECT_VERSION = 1;
				GENERATE_INFOPLIST_FILE = YES;
				IPHONEOS_DEPLOYMENT_TARGET = 17.0;
				MARKETING_VERSION = 1.0;
				PRODUCT_BUNDLE_IDENTIFIER = Demo.WeatherTests;
				PRODUCT_NAME = "$(TARGET_NAME)";
				SWIFT_EMIT_LOC_STRINGS = NO;
				SWIFT_VERSION = 5.0;
				TARGETED_DEVICE_FAMILY = "1,2";
				TEST_HOST = "$(BUILT_PRODUCTS_DIR)/Weather.app/$(BUNDLE_EXECUTABLE_FOLDER_PATH)/Weather";
			};
			name = Debug;
		};
		01C36B832AE74FAD001E035B /* Release */ = {
			isa = XCBuildConfiguration;
			buildSettings = {
				ALWAYS_EMBED_SWIFT_STANDARD_LIBRARIES = YES;
				BUNDLE_LOADER = "$(TEST_HOST)";
				CODE_SIGN_STYLE = Automatic;
				CURRENT_PROJECT_VERSION = 1;
				GENERATE_INFOPLIST_FILE = YES;
				IPHONEOS_DEPLOYMENT_TARGET = 17.0;
				MARKETING_VERSION = 1.0;
				PRODUCT_BUNDLE_IDENTIFIER = Demo.WeatherTests;
				PRODUCT_NAME = "$(TARGET_NAME)";
				SWIFT_EMIT_LOC_STRINGS = NO;
				SWIFT_VERSION = 5.0;
				TARGETED_DEVICE_FAMILY = "1,2";
				TEST_HOST = "$(BUILT_PRODUCTS_DIR)/Weather.app/$(BUNDLE_EXECUTABLE_FOLDER_PATH)/Weather";
			};
			name = Release;
		};
		01C36B852AE74FAD001E035B /* Debug */ = {
			isa = XCBuildConfiguration;
			buildSettings = {
				ALWAYS_EMBED_SWIFT_STANDARD_LIBRARIES = YES;
				CODE_SIGN_STYLE = Automatic;
				CURRENT_PROJECT_VERSION = 1;
				GENERATE_INFOPLIST_FILE = YES;
				MARKETING_VERSION = 1.0;
				PRODUCT_BUNDLE_IDENTIFIER = Demo.WeatherUITests;
				PRODUCT_NAME = "$(TARGET_NAME)";
				SWIFT_EMIT_LOC_STRINGS = NO;
				SWIFT_VERSION = 5.0;
				TARGETED_DEVICE_FAMILY = "1,2";
				TEST_TARGET_NAME = Weather;
			};
			name = Debug;
		};
		01C36B862AE74FAD001E035B /* Release */ = {
			isa = XCBuildConfiguration;
			buildSettings = {
				ALWAYS_EMBED_SWIFT_STANDARD_LIBRARIES = YES;
				CODE_SIGN_STYLE = Automatic;
				CURRENT_PROJECT_VERSION = 1;
				GENERATE_INFOPLIST_FILE = YES;
				MARKETING_VERSION = 1.0;
				PRODUCT_BUNDLE_IDENTIFIER = Demo.WeatherUITests;
				PRODUCT_NAME = "$(TARGET_NAME)";
				SWIFT_EMIT_LOC_STRINGS = NO;
				SWIFT_VERSION = 5.0;
				TARGETED_DEVICE_FAMILY = "1,2";
				TEST_TARGET_NAME = Weather;
			};
			name = Release;
		};
/* End XCBuildConfiguration section */

/* Begin XCConfigurationList section */
		01C36B552AE74FAA001E035B /* Build configuration list for PBXProject "Weather" */ = {
			isa = XCConfigurationList;
			buildConfigurations = (
				01C36B7C2AE74FAD001E035B /* Debug */,
				01C36B7D2AE74FAD001E035B /* Release */,
			);
			defaultConfigurationIsVisible = 0;
			defaultConfigurationName = Release;
		};
		01C36B7E2AE74FAD001E035B /* Build configuration list for PBXNativeTarget "Weather" */ = {
			isa = XCConfigurationList;
			buildConfigurations = (
				01C36B7F2AE74FAD001E035B /* Debug */,
				01C36B802AE74FAD001E035B /* Release */,
			);
			defaultConfigurationIsVisible = 0;
			defaultConfigurationName = Release;
		};
		01C36B812AE74FAD001E035B /* Build configuration list for PBXNativeTarget "WeatherTests" */ = {
			isa = XCConfigurationList;
			buildConfigurations = (
				01C36B822AE74FAD001E035B /* Debug */,
				01C36B832AE74FAD001E035B /* Release */,
			);
			defaultConfigurationIsVisible = 0;
			defaultConfigurationName = Release;
		};
		01C36B842AE74FAD001E035B /* Build configuration list for PBXNativeTarget "WeatherUITests" */ = {
			isa = XCConfigurationList;
			buildConfigurations = (
				01C36B852AE74FAD001E035B /* Debug */,
				01C36B862AE74FAD001E035B /* Release */,
			);
			defaultConfigurationIsVisible = 0;
			defaultConfigurationName = Release;
		};
/* End XCConfigurationList section */
	};
	rootObject = 01C36B522AE74FAA001E035B /* Project object */;
}
